
Microsoft Visual Studio Solution File, Format Version 12.00
# Visual Studio Version 16
VisualStudioVersion = 16.0.28803.352
MinimumVisualStudioVersion = 10.0.40219.1
Project("{FAE04EC0-301F-11D3-BF4B-00C04F79EFBC}") = "Reachis", "Reachis\Reachis.csproj", "{2BB42E6B-A160-4B96-BF5B-6A8CFFB5E06F}"
EndProject
Project("{54435603-DBB4-11D2-8724-00A0C9A8B90C}") = "ReachisSetup", "ReachisSetup\ReachisSetup.vdproj", "{5ED02D20-1CCA-4FE3-A4DB-EE5C2E5539C6}"
EndProject
Global
	GlobalSection(SolutionConfigurationPlatforms) = preSolution
		Debug|Any CPU = Debug|Any CPU
		Release|Any CPU = Release|Any CPU
	EndGlobalSection
	GlobalSection(ProjectConfigurationPlatforms) = postSolution
		{2BB42E6B-A160-4B96-BF5B-6A8CFFB5E06F}.Debug|Any CPU.ActiveCfg = Debug|Any CPU
		{2BB42E6B-A160-4B96-BF5B-6A8CFFB5E06F}.Debug|Any CPU.Build.0 = Debug|Any CPU
		{2BB42E6B-A160-4B96-BF5B-6A8CFFB5E06F}.Release|Any CPU.ActiveCfg = Release|Any CPU
		{2BB42E6B-A160-4B96-BF5B-6A8CFFB5E06F}.Release|Any CPU.Build.0 = Release|Any CPU
		{5ED02D20-1CCA-4FE3-A4DB-EE5C2E5539C6}.Debug|Any CPU.ActiveCfg = Debug
		{5ED02D20-1CCA-4FE3-A4DB-EE5C2E5539C6}.Release|Any CPU.ActiveCfg = Release
		{5ED02D20-1CCA-4FE3-A4DB-EE5C2E5539C6}.Release|Any CPU.Build.0 = Release
	EndGlobalSection
	GlobalSection(SolutionProperties) = preSolution
		HideSolutionNode = FALSE
	EndGlobalSection
	GlobalSection(ExtensibilityGlobals) = postSolution
		SolutionGuid = {C7A5FE96-42FB-4AC8-A2A3-6435D1FF656C}
	EndGlobalSection
EndGlobal
